
Microsoft Visual Studio Solution File, Format Version 12.00
# Visual Studio Version 17
VisualStudioVersion = 17.9.34714.143
MinimumVisualStudioVersion = 10.0.40219.1
Project("{2150E333-8FDC-42A3-9474-1A3956D46DE8}") = "src", "src", "{27F5EE7A-E8B9-4FF8-9D03-765BC45FAB15}"
EndProject
Project("{2150E333-8FDC-42A3-9474-1A3956D46DE8}") = "Building Blocks", "Building Blocks", "{056AEC74-AC9C-4D36-BF4B-0BD82DDEE515}"
EndProject
Project("{2150E333-8FDC-42A3-9474-1A3956D46DE8}") = "Web", "Web", "{1AF21168-F47B-4821-B721-D76B993D8C1B}"
EndProject
Project("{2150E333-8FDC-42A3-9474-1A3956D46DE8}") = "Services", "Services", "{34A5A76C-73D6-4079-BDDF-975B0CA986C7}"
EndProject
Project("{2150E333-8FDC-42A3-9474-1A3956D46DE8}") = "Identidade", "Identidade", "{CE2A6DFF-CBFB-4E1D-BEFC-B970579A8CAC}"
EndProject
Project("{FAE04EC0-301F-11D3-BF4B-00C04F79EFBC}") = "NSE.Identidade.API", "src\services\NSE.Identidade.API\NSE.Identidade.API.csproj", "{0D2ACE47-F938-4555-99DD-DB0CE8ADFA11}"
EndProject
Project("{2150E333-8FDC-42A3-9474-1A3956D46DE8}") = "MVC", "MVC", "{C9CC5731-0551-4B53-B1C6-B74C1F3F38A9}"
EndProject
Project("{FAE04EC0-301F-11D3-BF4B-00C04F79EFBC}") = "NSE.WebApp.MVC", "src\web\NSE.WebApp.MVC\NSE.WebApp.MVC.csproj", "{148427CA-D5F7-4554-9397-06F2932D56A6}"
EndProject
Project("{2150E333-8FDC-42A3-9474-1A3956D46DE8}") = "Core", "Core", "{E87AE46A-0D14-44D4-B021-9D462F82719A}"
EndProject
Project("{FAE04EC0-301F-11D3-BF4B-00C04F79EFBC}") = "NSE.Core", "src\building blocks\NSE.Core\NSE.Core.csproj", "{B76F971F-838E-47C1-B9BA-8FD607708C6B}"
EndProject
Project("{2150E333-8FDC-42A3-9474-1A3956D46DE8}") = "Catalogo", "Catalogo", "{E360389F-A959-4BE8-BD5B-D4854FC5EDA9}"
EndProject
Project("{2150E333-8FDC-42A3-9474-1A3956D46DE8}") = "Carrinho", "Carrinho", "{7D46D23A-2BF9-4B18-BDEE-8A783057A755}"
EndProject
Project("{2150E333-8FDC-42A3-9474-1A3956D46DE8}") = "Cliente", "Cliente", "{A74E3BFB-E98F-46E9-A6FB-3071DFD3E1AA}"
EndProject
Project("{2150E333-8FDC-42A3-9474-1A3956D46DE8}") = "Pagamento", "Pagamento", "{1739EA5A-60D3-44A8-A066-5FB3468AB3C2}"
EndProject
Project("{2150E333-8FDC-42A3-9474-1A3956D46DE8}") = "Pedido", "Pedido", "{575A9BDE-62D5-4CEE-AD85-832F6B556ED8}"
EndProject
Project("{FAE04EC0-301F-11D3-BF4B-00C04F79EFBC}") = "NSE.Carrinho.API", "src\services\NSE.Carrinho.API\NSE.Carrinho.API.csproj", "{B8F4D4A0-E4F2-4FEF-AE00-08FD93BF7C98}"
EndProject
Project("{FAE04EC0-301F-11D3-BF4B-00C04F79EFBC}") = "SRE.Catalogo.API", "src\services\SRE.Catalogo.API\SRE.Catalogo.API.csproj", "{ED24A586-4B91-4C65-B77A-FC199AB4BC4C}"
EndProject
Project("{FAE04EC0-301F-11D3-BF4B-00C04F79EFBC}") = "SRE.Cliente.API", "src\services\SRE.Cliente.API\SRE.Cliente.API.csproj", "{F27D6FF2-6AE2-4B1C-9D6D-125A59E12644}"
EndProject
Project("{FAE04EC0-301F-11D3-BF4B-00C04F79EFBC}") = "SRE.Pagamento.API", "src\services\SRE.Pagamento.API\SRE.Pagamento.API.csproj", "{19184DB2-6E49-4576-87B2-EA2290BCEF1E}"
EndProject
Project("{FAE04EC0-301F-11D3-BF4B-00C04F79EFBC}") = "SRE.Pedido.API", "SRE.Pedido.API\SRE.Pedido.API.csproj", "{9668C519-8B13-4C2B-BD22-9E019EF5A45A}"
EndProject
Global
	GlobalSection(SolutionConfigurationPlatforms) = preSolution
		Debug|Any CPU = Debug|Any CPU
		Release|Any CPU = Release|Any CPU
	EndGlobalSection
	GlobalSection(ProjectConfigurationPlatforms) = postSolution
		{0D2ACE47-F938-4555-99DD-DB0CE8ADFA11}.Debug|Any CPU.ActiveCfg = Debug|Any CPU
		{0D2ACE47-F938-4555-99DD-DB0CE8ADFA11}.Debug|Any CPU.Build.0 = Debug|Any CPU
		{0D2ACE47-F938-4555-99DD-DB0CE8ADFA11}.Release|Any CPU.ActiveCfg = Release|Any CPU
		{0D2ACE47-F938-4555-99DD-DB0CE8ADFA11}.Release|Any CPU.Build.0 = Release|Any CPU
		{148427CA-D5F7-4554-9397-06F2932D56A6}.Debug|Any CPU.ActiveCfg = Debug|Any CPU
		{148427CA-D5F7-4554-9397-06F2932D56A6}.Debug|Any CPU.Build.0 = Debug|Any CPU
		{148427CA-D5F7-4554-9397-06F2932D56A6}.Release|Any CPU.ActiveCfg = Release|Any CPU
		{148427CA-D5F7-4554-9397-06F2932D56A6}.Release|Any CPU.Build.0 = Release|Any CPU
		{B76F971F-838E-47C1-B9BA-8FD607708C6B}.Debug|Any CPU.ActiveCfg = Debug|Any CPU
		{B76F971F-838E-47C1-B9BA-8FD607708C6B}.Debug|Any CPU.Build.0 = Debug|Any CPU
		{B76F971F-838E-47C1-B9BA-8FD607708C6B}.Release|Any CPU.ActiveCfg = Release|Any CPU
		{B76F971F-838E-47C1-B9BA-8FD607708C6B}.Release|Any CPU.Build.0 = Release|Any CPU
		{B8F4D4A0-E4F2-4FEF-AE00-08FD93BF7C98}.Debug|Any CPU.ActiveCfg = Debug|Any CPU
		{B8F4D4A0-E4F2-4FEF-AE00-08FD93BF7C98}.Debug|Any CPU.Build.0 = Debug|Any CPU
		{B8F4D4A0-E4F2-4FEF-AE00-08FD93BF7C98}.Release|Any CPU.ActiveCfg = Release|Any CPU
		{B8F4D4A0-E4F2-4FEF-AE00-08FD93BF7C98}.Release|Any CPU.Build.0 = Release|Any CPU
		{ED24A586-4B91-4C65-B77A-FC199AB4BC4C}.Debug|Any CPU.ActiveCfg = Debug|Any CPU
		{ED24A586-4B91-4C65-B77A-FC199AB4BC4C}.Debug|Any CPU.Build.0 = Debug|Any CPU
		{ED24A586-4B91-4C65-B77A-FC199AB4BC4C}.Release|Any CPU.ActiveCfg = Release|Any CPU
		{ED24A586-4B91-4C65-B77A-FC199AB4BC4C}.Release|Any CPU.Build.0 = Release|Any CPU
		{F27D6FF2-6AE2-4B1C-9D6D-125A59E12644}.Debug|Any CPU.ActiveCfg = Debug|Any CPU
		{F27D6FF2-6AE2-4B1C-9D6D-125A59E12644}.Debug|Any CPU.Build.0 = Debug|Any CPU
		{F27D6FF2-6AE2-4B1C-9D6D-125A59E12644}.Release|Any CPU.ActiveCfg = Release|Any CPU
		{F27D6FF2-6AE2-4B1C-9D6D-125A59E12644}.Release|Any CPU.Build.0 = Release|Any CPU
		{19184DB2-6E49-4576-87B2-EA2290BCEF1E}.Debug|Any CPU.ActiveCfg = Debug|Any CPU
		{19184DB2-6E49-4576-87B2-EA2290BCEF1E}.Debug|Any CPU.Build.0 = Debug|Any CPU
		{19184DB2-6E49-4576-87B2-EA2290BCEF1E}.Release|Any CPU.ActiveCfg = Release|Any CPU
		{19184DB2-6E49-4576-87B2-EA2290BCEF1E}.Release|Any CPU.Build.0 = Release|Any CPU
		{9668C519-8B13-4C2B-BD22-9E019EF5A45A}.Debug|Any CPU.ActiveCfg = Debug|Any CPU
		{9668C519-8B13-4C2B-BD22-9E019EF5A45A}.Debug|Any CPU.Build.0 = Debug|Any CPU
		{9668C519-8B13-4C2B-BD22-9E019EF5A45A}.Release|Any CPU.ActiveCfg = Release|Any CPU
		{9668C519-8B13-4C2B-BD22-9E019EF5A45A}.Release|Any CPU.Build.0 = Release|Any CPU
	EndGlobalSection
	GlobalSection(SolutionProperties) = preSolution
		HideSolutionNode = FALSE
	EndGlobalSection
	GlobalSection(NestedProjects) = preSolution
		{056AEC74-AC9C-4D36-BF4B-0BD82DDEE515} = {27F5EE7A-E8B9-4FF8-9D03-765BC45FAB15}
		{1AF21168-F47B-4821-B721-D76B993D8C1B} = {27F5EE7A-E8B9-4FF8-9D03-765BC45FAB15}
		{34A5A76C-73D6-4079-BDDF-975B0CA986C7} = {27F5EE7A-E8B9-4FF8-9D03-765BC45FAB15}
		{CE2A6DFF-CBFB-4E1D-BEFC-B970579A8CAC} = {34A5A76C-73D6-4079-BDDF-975B0CA986C7}
		{0D2ACE47-F938-4555-99DD-DB0CE8ADFA11} = {CE2A6DFF-CBFB-4E1D-BEFC-B970579A8CAC}
		{C9CC5731-0551-4B53-B1C6-B74C1F3F38A9} = {1AF21168-F47B-4821-B721-D76B993D8C1B}
		{148427CA-D5F7-4554-9397-06F2932D56A6} = {C9CC5731-0551-4B53-B1C6-B74C1F3F38A9}
		{E87AE46A-0D14-44D4-B021-9D462F82719A} = {056AEC74-AC9C-4D36-BF4B-0BD82DDEE515}
		{B76F971F-838E-47C1-B9BA-8FD607708C6B} = {E87AE46A-0D14-44D4-B021-9D462F82719A}
		{E360389F-A959-4BE8-BD5B-D4854FC5EDA9} = {34A5A76C-73D6-4079-BDDF-975B0CA986C7}
		{7D46D23A-2BF9-4B18-BDEE-8A783057A755} = {34A5A76C-73D6-4079-BDDF-975B0CA986C7}
		{A74E3BFB-E98F-46E9-A6FB-3071DFD3E1AA} = {34A5A76C-73D6-4079-BDDF-975B0CA986C7}
		{1739EA5A-60D3-44A8-A066-5FB3468AB3C2} = {34A5A76C-73D6-4079-BDDF-975B0CA986C7}
		{575A9BDE-62D5-4CEE-AD85-832F6B556ED8} = {34A5A76C-73D6-4079-BDDF-975B0CA986C7}
		{B8F4D4A0-E4F2-4FEF-AE00-08FD93BF7C98} = {7D46D23A-2BF9-4B18-BDEE-8A783057A755}
		{ED24A586-4B91-4C65-B77A-FC199AB4BC4C} = {E360389F-A959-4BE8-BD5B-D4854FC5EDA9}
		{F27D6FF2-6AE2-4B1C-9D6D-125A59E12644} = {A74E3BFB-E98F-46E9-A6FB-3071DFD3E1AA}
		{19184DB2-6E49-4576-87B2-EA2290BCEF1E} = {1739EA5A-60D3-44A8-A066-5FB3468AB3C2}
		{9668C519-8B13-4C2B-BD22-9E019EF5A45A} = {575A9BDE-62D5-4CEE-AD85-832F6B556ED8}
	EndGlobalSection
	GlobalSection(ExtensibilityGlobals) = postSolution
		SolutionGuid = {813C433F-76F5-4DF6-A972-5D928057340E}
	EndGlobalSection
EndGlobal
